
Microsoft Visual Studio Solution File, Format Version 12.00
# Visual Studio Version 16
VisualStudioVersion = 16.0.30717.126
MinimumVisualStudioVersion = 10.0.40219.1
Project("{FAE04EC0-301F-11D3-BF4B-00C04F79EFBC}") = "NTG.OnlineServices.Web", "NTG.OnlineServices.Web\NTG.OnlineServices.Web.csproj", "{5C89ACE2-5E7B-4AD7-BF58-9D99F36F73A5}"
EndProject
Global
	GlobalSection(SolutionConfigurationPlatforms) = preSolution
		Debug|Any CPU = Debug|Any CPU
		Release|Any CPU = Release|Any CPU
	EndGlobalSection
	GlobalSection(ProjectConfigurationPlatforms) = postSolution
		{5C89ACE2-5E7B-4AD7-BF58-9D99F36F73A5}.Debug|Any CPU.ActiveCfg = Debug|Any CPU
		{5C89ACE2-5E7B-4AD7-BF58-9D99F36F73A5}.Debug|Any CPU.Build.0 = Debug|Any CPU
		{5C89ACE2-5E7B-4AD7-BF58-9D99F36F73A5}.Release|Any CPU.ActiveCfg = Release|Any CPU
		{5C89ACE2-5E7B-4AD7-BF58-9D99F36F73A5}.Release|Any CPU.Build.0 = Release|Any CPU
	EndGlobalSection
	GlobalSection(SolutionProperties) = preSolution
		HideSolutionNode = FALSE
	EndGlobalSection
	GlobalSection(ExtensibilityGlobals) = postSolution
		SolutionGuid = {A0AD9631-AC17-49F0-8A62-7D396893A414}
	EndGlobalSection
EndGlobal
